
Microsoft Visual Studio Solution File, Format Version 12.00
# Visual Studio Version 17
VisualStudioVersion = 17.11.35222.181
MinimumVisualStudioVersion = 10.0.40219.1
Project("{FAE04EC0-301F-11D3-BF4B-00C04F79EFBC}") = "WebApplication2", "WebApplication2\WebApplication2.csproj", "{B7A0172A-CEE6-4BB7-94AA-873A3ABF953A}"
EndProject
Global
	GlobalSection(SolutionConfigurationPlatforms) = preSolution
		Debug|Any CPU = Debug|Any CPU
		Release|Any CPU = Release|Any CPU
	EndGlobalSection
	GlobalSection(ProjectConfigurationPlatforms) = postSolution
		{B7A0172A-CEE6-4BB7-94AA-873A3ABF953A}.Debug|Any CPU.ActiveCfg = Debug|Any CPU
		{B7A0172A-CEE6-4BB7-94AA-873A3ABF953A}.Debug|Any CPU.Build.0 = Debug|Any CPU
		{B7A0172A-CEE6-4BB7-94AA-873A3ABF953A}.Release|Any CPU.ActiveCfg = Release|Any CPU
		{B7A0172A-CEE6-4BB7-94AA-873A3ABF953A}.Release|Any CPU.Build.0 = Release|Any CPU
	EndGlobalSection
	GlobalSection(SolutionProperties) = preSolution
		HideSolutionNode = FALSE
	EndGlobalSection
	GlobalSection(ExtensibilityGlobals) = postSolution
		SolutionGuid = {CD33D6A7-E8ED-4652-B263-C8F1CF3C63AA}
	EndGlobalSection
EndGlobal
